
Microsoft Visual Studio Solution File, Format Version 12.00
# Visual Studio Version 17
VisualStudioVersion = 17.5.33516.290
MinimumVisualStudioVersion = 10.0.40219.1
Project("{FAE04EC0-301F-11D3-BF4B-00C04F79EFBC}") = "ExtensionMethods", "ExtensionMethods\ExtensionMethods.csproj", "{4EF26D5C-4BC2-4759-A759-B48C5627777F}"
EndProject
Global
	GlobalSection(SolutionConfigurationPlatforms) = preSolution
		Debug|Any CPU = Debug|Any CPU
		Release|Any CPU = Release|Any CPU
	EndGlobalSection
	GlobalSection(ProjectConfigurationPlatforms) = postSolution
		{4EF26D5C-4BC2-4759-A759-B48C5627777F}.Debug|Any CPU.ActiveCfg = Debug|Any CPU
		{4EF26D5C-4BC2-4759-A759-B48C5627777F}.Debug|Any CPU.Build.0 = Debug|Any CPU
		{4EF26D5C-4BC2-4759-A759-B48C5627777F}.Release|Any CPU.ActiveCfg = Release|Any CPU
		{4EF26D5C-4BC2-4759-A759-B48C5627777F}.Release|Any CPU.Build.0 = Release|Any CPU
	EndGlobalSection
	GlobalSection(SolutionProperties) = preSolution
		HideSolutionNode = FALSE
	EndGlobalSection
	GlobalSection(ExtensibilityGlobals) = postSolution
		SolutionGuid = {20B95994-854B-4C71-8FF7-AA3024F3925B}
	EndGlobalSection
EndGlobal
